
Microsoft Visual Studio Solution File, Format Version 12.00
# Visual Studio 15
VisualStudioVersion = 15.0.26124.0
MinimumVisualStudioVersion = 15.0.26124.0
Project("{2150E333-8FDC-42A3-9474-1A3956D46DE8}") = "src", "src", "{020ACD8E-F468-423C-8563-C5ED57C49C60}"
EndProject
Project("{FAE04EC0-301F-11D3-BF4B-00C04F79EFBC}") = "tclite", "src\tclite\tclite.csproj", "{772CC60B-5DB5-4EFD-AAED-1E37D9315CC1}"
EndProject
Project("{FAE04EC0-301F-11D3-BF4B-00C04F79EFBC}") = "tclite.tests", "src\tclite.tests\tclite.tests.csproj", "{3B881F3A-A4EA-4F49-8101-FC6006474039}"
EndProject
Global
	GlobalSection(SolutionConfigurationPlatforms) = preSolution
		Debug|Any CPU = Debug|Any CPU
		Debug|x64 = Debug|x64
		Debug|x86 = Debug|x86
		Release|Any CPU = Release|Any CPU
		Release|x64 = Release|x64
		Release|x86 = Release|x86
	EndGlobalSection
	GlobalSection(SolutionProperties) = preSolution
		HideSolutionNode = FALSE
	EndGlobalSection
	GlobalSection(ProjectConfigurationPlatforms) = postSolution
		{772CC60B-5DB5-4EFD-AAED-1E37D9315CC1}.Debug|Any CPU.ActiveCfg = Debug|Any CPU
		{772CC60B-5DB5-4EFD-AAED-1E37D9315CC1}.Debug|Any CPU.Build.0 = Debug|Any CPU
		{772CC60B-5DB5-4EFD-AAED-1E37D9315CC1}.Debug|x64.ActiveCfg = Debug|Any CPU
		{772CC60B-5DB5-4EFD-AAED-1E37D9315CC1}.Debug|x64.Build.0 = Debug|Any CPU
		{772CC60B-5DB5-4EFD-AAED-1E37D9315CC1}.Debug|x86.ActiveCfg = Debug|Any CPU
		{772CC60B-5DB5-4EFD-AAED-1E37D9315CC1}.Debug|x86.Build.0 = Debug|Any CPU
		{772CC60B-5DB5-4EFD-AAED-1E37D9315CC1}.Release|Any CPU.ActiveCfg = Release|Any CPU
		{772CC60B-5DB5-4EFD-AAED-1E37D9315CC1}.Release|Any CPU.Build.0 = Release|Any CPU
		{772CC60B-5DB5-4EFD-AAED-1E37D9315CC1}.Release|x64.ActiveCfg = Release|Any CPU
		{772CC60B-5DB5-4EFD-AAED-1E37D9315CC1}.Release|x64.Build.0 = Release|Any CPU
		{772CC60B-5DB5-4EFD-AAED-1E37D9315CC1}.Release|x86.ActiveCfg = Release|Any CPU
		{772CC60B-5DB5-4EFD-AAED-1E37D9315CC1}.Release|x86.Build.0 = Release|Any CPU
		{3B881F3A-A4EA-4F49-8101-FC6006474039}.Debug|Any CPU.ActiveCfg = Debug|Any CPU
		{3B881F3A-A4EA-4F49-8101-FC6006474039}.Debug|Any CPU.Build.0 = Debug|Any CPU
		{3B881F3A-A4EA-4F49-8101-FC6006474039}.Debug|x64.ActiveCfg = Debug|Any CPU
		{3B881F3A-A4EA-4F49-8101-FC6006474039}.Debug|x64.Build.0 = Debug|Any CPU
		{3B881F3A-A4EA-4F49-8101-FC6006474039}.Debug|x86.ActiveCfg = Debug|Any CPU
		{3B881F3A-A4EA-4F49-8101-FC6006474039}.Debug|x86.Build.0 = Debug|Any CPU
		{3B881F3A-A4EA-4F49-8101-FC6006474039}.Release|Any CPU.ActiveCfg = Release|Any CPU
		{3B881F3A-A4EA-4F49-8101-FC6006474039}.Release|Any CPU.Build.0 = Release|Any CPU
		{3B881F3A-A4EA-4F49-8101-FC6006474039}.Release|x64.ActiveCfg = Release|Any CPU
		{3B881F3A-A4EA-4F49-8101-FC6006474039}.Release|x64.Build.0 = Release|Any CPU
		{3B881F3A-A4EA-4F49-8101-FC6006474039}.Release|x86.ActiveCfg = Release|Any CPU
		{3B881F3A-A4EA-4F49-8101-FC6006474039}.Release|x86.Build.0 = Release|Any CPU
	EndGlobalSection
	GlobalSection(NestedProjects) = preSolution
		{772CC60B-5DB5-4EFD-AAED-1E37D9315CC1} = {020ACD8E-F468-423C-8563-C5ED57C49C60}
		{3B881F3A-A4EA-4F49-8101-FC6006474039} = {020ACD8E-F468-423C-8563-C5ED57C49C60}
	EndGlobalSection
EndGlobal
